
Microsoft Visual Studio Solution File, Format Version 12.00
Project("{FAE04EC0-301F-11D3-BF4B-00C04F79EFBC}") = "Task1", "Task1\Task1.csproj", "{08D89109-D231-4DBF-84A9-00C7BDDC9BE3}"
EndProject
Project("{FAE04EC0-301F-11D3-BF4B-00C04F79EFBC}") = "Task2", "Task2\Task2.csproj", "{7F8EBB1D-041B-428C-B2B3-C6B5157316A8}"
EndProject
Project("{FAE04EC0-301F-11D3-BF4B-00C04F79EFBC}") = "Task3", "Task3\Task3.csproj", "{677A3592-726C-4C6B-B3D7-0BEFD249E596}"
EndProject
Global
	GlobalSection(SolutionConfigurationPlatforms) = preSolution
		Debug|Any CPU = Debug|Any CPU
		Release|Any CPU = Release|Any CPU
	EndGlobalSection
	GlobalSection(ProjectConfigurationPlatforms) = postSolution
		{08D89109-D231-4DBF-84A9-00C7BDDC9BE3}.Debug|Any CPU.ActiveCfg = Debug|Any CPU
		{08D89109-D231-4DBF-84A9-00C7BDDC9BE3}.Debug|Any CPU.Build.0 = Debug|Any CPU
		{08D89109-D231-4DBF-84A9-00C7BDDC9BE3}.Release|Any CPU.ActiveCfg = Release|Any CPU
		{08D89109-D231-4DBF-84A9-00C7BDDC9BE3}.Release|Any CPU.Build.0 = Release|Any CPU
		{7F8EBB1D-041B-428C-B2B3-C6B5157316A8}.Debug|Any CPU.ActiveCfg = Debug|Any CPU
		{7F8EBB1D-041B-428C-B2B3-C6B5157316A8}.Debug|Any CPU.Build.0 = Debug|Any CPU
		{7F8EBB1D-041B-428C-B2B3-C6B5157316A8}.Release|Any CPU.ActiveCfg = Release|Any CPU
		{7F8EBB1D-041B-428C-B2B3-C6B5157316A8}.Release|Any CPU.Build.0 = Release|Any CPU
		{677A3592-726C-4C6B-B3D7-0BEFD249E596}.Debug|Any CPU.ActiveCfg = Debug|Any CPU
		{677A3592-726C-4C6B-B3D7-0BEFD249E596}.Debug|Any CPU.Build.0 = Debug|Any CPU
		{677A3592-726C-4C6B-B3D7-0BEFD249E596}.Release|Any CPU.ActiveCfg = Release|Any CPU
		{677A3592-726C-4C6B-B3D7-0BEFD249E596}.Release|Any CPU.Build.0 = Release|Any CPU
	EndGlobalSection
EndGlobal
